
Microsoft Visual Studio Solution File, Format Version 12.00
# Visual Studio Version 17
VisualStudioVersion = 17.0.31808.319
MinimumVisualStudioVersion = 10.0.40219.1
Project("{9A19103F-16F7-4668-BE54-9A1E7A4F7556}") = "Mono.Debugger.Soft", "external\debugger-libs\Mono.Debugger.Soft\Mono.Debugger.Soft.csproj", "{F6373B12-DFE6-4DB2-86A6-A4B106A887AB}"
EndProject
Project("{9A19103F-16F7-4668-BE54-9A1E7A4F7556}") = "Mono.Debugging", "external\debugger-libs\Mono.Debugging\Mono.Debugging.csproj", "{A054C7FC-E3DE-42B4-9800-0074D0D08CCE}"
EndProject
Project("{9A19103F-16F7-4668-BE54-9A1E7A4F7556}") = "Mono.Debugging.Soft", "external\debugger-libs\Mono.Debugging.Soft\Mono.Debugging.Soft.csproj", "{4FD13CFF-EAA9-4B88-873F-FE29ECDAFDA0}"
EndProject
Project("{9A19103F-16F7-4668-BE54-9A1E7A4F7556}") = "ICSharpCode.NRefactory", "external\nrefactory\ICSharpCode.NRefactory\ICSharpCode.NRefactory.csproj", "{4898AF69-BBD6-4C38-95C7-47D57AEB16F6}"
EndProject
Project("{9A19103F-16F7-4668-BE54-9A1E7A4F7556}") = "ICSharpCode.NRefactory.CSharp", "external\nrefactory\ICSharpCode.NRefactory.CSharp\ICSharpCode.NRefactory.CSharp.csproj", "{98EEAED7-7BC9-4D29-8585-0795259A6638}"
EndProject
Global
	GlobalSection(SolutionConfigurationPlatforms) = preSolution
		Debug|Any CPU = Debug|Any CPU
		Release|Any CPU = Release|Any CPU
	EndGlobalSection
	GlobalSection(ProjectConfigurationPlatforms) = postSolution
		{F6373B12-DFE6-4DB2-86A6-A4B106A887AB}.Debug|Any CPU.ActiveCfg = Debug|Any CPU
		{F6373B12-DFE6-4DB2-86A6-A4B106A887AB}.Debug|Any CPU.Build.0 = Debug|Any CPU
		{F6373B12-DFE6-4DB2-86A6-A4B106A887AB}.Release|Any CPU.ActiveCfg = Release|Any CPU
		{F6373B12-DFE6-4DB2-86A6-A4B106A887AB}.Release|Any CPU.Build.0 = Release|Any CPU
		{A054C7FC-E3DE-42B4-9800-0074D0D08CCE}.Debug|Any CPU.ActiveCfg = Debug|Any CPU
		{A054C7FC-E3DE-42B4-9800-0074D0D08CCE}.Debug|Any CPU.Build.0 = Debug|Any CPU
		{A054C7FC-E3DE-42B4-9800-0074D0D08CCE}.Release|Any CPU.ActiveCfg = Release|Any CPU
		{A054C7FC-E3DE-42B4-9800-0074D0D08CCE}.Release|Any CPU.Build.0 = Release|Any CPU
		{4FD13CFF-EAA9-4B88-873F-FE29ECDAFDA0}.Debug|Any CPU.ActiveCfg = Debug|Any CPU
		{4FD13CFF-EAA9-4B88-873F-FE29ECDAFDA0}.Debug|Any CPU.Build.0 = Debug|Any CPU
		{4FD13CFF-EAA9-4B88-873F-FE29ECDAFDA0}.Release|Any CPU.ActiveCfg = Release|Any CPU
		{4FD13CFF-EAA9-4B88-873F-FE29ECDAFDA0}.Release|Any CPU.Build.0 = Release|Any CPU
		{4898AF69-BBD6-4C38-95C7-47D57AEB16F6}.Debug|Any CPU.ActiveCfg = Debug|Any CPU
		{4898AF69-BBD6-4C38-95C7-47D57AEB16F6}.Debug|Any CPU.Build.0 = Debug|Any CPU
		{4898AF69-BBD6-4C38-95C7-47D57AEB16F6}.Release|Any CPU.ActiveCfg = Release|Any CPU
		{4898AF69-BBD6-4C38-95C7-47D57AEB16F6}.Release|Any CPU.Build.0 = Release|Any CPU
		{98EEAED7-7BC9-4D29-8585-0795259A6638}.Debug|Any CPU.ActiveCfg = Debug|Any CPU
		{98EEAED7-7BC9-4D29-8585-0795259A6638}.Debug|Any CPU.Build.0 = Debug|Any CPU
		{98EEAED7-7BC9-4D29-8585-0795259A6638}.Release|Any CPU.ActiveCfg = Release|Any CPU
		{98EEAED7-7BC9-4D29-8585-0795259A6638}.Release|Any CPU.Build.0 = Release|Any CPU
	EndGlobalSection
	GlobalSection(SolutionProperties) = preSolution
		HideSolutionNode = FALSE
	EndGlobalSection
	GlobalSection(ExtensibilityGlobals) = postSolution
		SolutionGuid = {0958D4BF-0BA1-432E-886C-D40D15285DD6}
	EndGlobalSection
EndGlobal
